
Microsoft Visual Studio Solution File, Format Version 12.00
# Visual Studio Version 17
VisualStudioVersion = 17.8.34408.163
MinimumVisualStudioVersion = 10.0.40219.1
Project("{FAE04EC0-301F-11D3-BF4B-00C04F79EFBC}") = "Employee payroll Management", "Employee payroll Management.csproj", "{725F7A5A-B664-4D0D-90BA-928E346F8779}"
EndProject
Global
	GlobalSection(SolutionConfigurationPlatforms) = preSolution
		Debug|Any CPU = Debug|Any CPU
		Release|Any CPU = Release|Any CPU
	EndGlobalSection
	GlobalSection(ProjectConfigurationPlatforms) = postSolution
		{725F7A5A-B664-4D0D-90BA-928E346F8779}.Debug|Any CPU.ActiveCfg = Debug|Any CPU
		{725F7A5A-B664-4D0D-90BA-928E346F8779}.Debug|Any CPU.Build.0 = Debug|Any CPU
		{725F7A5A-B664-4D0D-90BA-928E346F8779}.Release|Any CPU.ActiveCfg = Release|Any CPU
		{725F7A5A-B664-4D0D-90BA-928E346F8779}.Release|Any CPU.Build.0 = Release|Any CPU
	EndGlobalSection
	GlobalSection(SolutionProperties) = preSolution
		HideSolutionNode = FALSE
	EndGlobalSection
	GlobalSection(ExtensibilityGlobals) = postSolution
		SolutionGuid = {89F930E4-0369-4A69-A715-0F37ADA5A62E}
	EndGlobalSection
EndGlobal
